
Microsoft Visual Studio Solution File, Format Version 12.00
# Visual Studio Version 16
VisualStudioVersion = 16.0.32407.337
MinimumVisualStudioVersion = 10.0.40219.1
Project("{FAE04EC0-301F-11D3-BF4B-00C04F79EFBC}") = "Course managment", "Course managment\Course managment.csproj", "{B081CF18-E080-4764-921E-C9B10C4E6ED6}"
EndProject
Global
	GlobalSection(SolutionConfigurationPlatforms) = preSolution
		Debug|Any CPU = Debug|Any CPU
		Release|Any CPU = Release|Any CPU
	EndGlobalSection
	GlobalSection(ProjectConfigurationPlatforms) = postSolution
		{B081CF18-E080-4764-921E-C9B10C4E6ED6}.Debug|Any CPU.ActiveCfg = Debug|Any CPU
		{B081CF18-E080-4764-921E-C9B10C4E6ED6}.Debug|Any CPU.Build.0 = Debug|Any CPU
		{B081CF18-E080-4764-921E-C9B10C4E6ED6}.Release|Any CPU.ActiveCfg = Release|Any CPU
		{B081CF18-E080-4764-921E-C9B10C4E6ED6}.Release|Any CPU.Build.0 = Release|Any CPU
	EndGlobalSection
	GlobalSection(SolutionProperties) = preSolution
		HideSolutionNode = FALSE
	EndGlobalSection
	GlobalSection(ExtensibilityGlobals) = postSolution
		SolutionGuid = {2A7A1D3D-00C9-49F7-880B-5B2BCC1D47E6}
	EndGlobalSection
EndGlobal
